
Microsoft Visual Studio Solution File, Format Version 11.00
# Visual Studio 2010
Project("{FAE04EC0-301F-11D3-BF4B-00C04F79EFBC}") = "OSDevGrp.OSIntranet.Infrastructure.Interfaces", "OSDevGrp.OSIntranet.Infrastructure.Interfaces\OSDevGrp.OSIntranet.Infrastructure.Interfaces.csproj", "{E510F652-6E85-402E-9EFF-474841121181}"
EndProject
Project("{2150E333-8FDC-42A3-9474-1A3956D46DE8}") = "Solution Items", "Solution Items", "{F0A1F688-C012-4C39-92DF-E435C33FB0A7}"
	ProjectSection(SolutionItems) = preProject
		OSDevGrp.OSIntranet.Clients.cer = OSDevGrp.OSIntranet.Clients.cer
		OSDevGrp.OSIntranet.Clients.pfx = OSDevGrp.OSIntranet.Clients.pfx
		OSDevGrp.OSIntranet.Services.cer = OSDevGrp.OSIntranet.Services.cer
		OSDevGrp.OSIntranet.Services.pfx = OSDevGrp.OSIntranet.Services.pfx
		OSDevGrp.OSIntranet.snk = OSDevGrp.OSIntranet.snk
	EndProjectSection
EndProject
Project("{FAE04EC0-301F-11D3-BF4B-00C04F79EFBC}") = "OSDevGrp.OSIntranet.Tests", "OSDevGrp.OSIntranet.Tests\OSDevGrp.OSIntranet.Tests.csproj", "{A1EBFC92-C81D-4A5C-959E-F2FDC48E6B02}"
EndProject
Project("{2150E333-8FDC-42A3-9474-1A3956D46DE8}") = "External references", "External references", "{8CC59821-8B5B-420E-81DA-01CB7CABB700}"
	ProjectSection(SolutionItems) = preProject
		External references\AutoMapper.dll = External references\AutoMapper.dll
		External references\Castle.Core.dll = External references\Castle.Core.dll
		External references\Castle.Windsor.dll = External references\Castle.Windsor.dll
		External references\nunit.framework.dll = External references\nunit.framework.dll
		External references\OSDevGrp.OSIntranet.CommonLibrary.Domain.dll = External references\OSDevGrp.OSIntranet.CommonLibrary.Domain.dll
		External references\OSDevGrp.OSIntranet.CommonLibrary.Infrastructure.dll = External references\OSDevGrp.OSIntranet.CommonLibrary.Infrastructure.dll
		External references\OSDevGrp.OSIntranet.CommonLibrary.Infrastructure.Interfaces.dll = External references\OSDevGrp.OSIntranet.CommonLibrary.Infrastructure.Interfaces.dll
		External references\OSDevGrp.OSIntranet.CommonLibrary.IoC.dll = External references\OSDevGrp.OSIntranet.CommonLibrary.IoC.dll
		External references\OSDevGrp.OSIntranet.CommonLibrary.IoC.Interfaces.dll = External references\OSDevGrp.OSIntranet.CommonLibrary.IoC.Interfaces.dll
		External references\OSDevGrp.OSIntranet.CommonLibrary.Repositories.dll = External references\OSDevGrp.OSIntranet.CommonLibrary.Repositories.dll
		External references\OSDevGrp.OSIntranet.CommonLibrary.Repositories.Interface.dll = External references\OSDevGrp.OSIntranet.CommonLibrary.Repositories.Interface.dll
		External references\OSDevGrp.OSIntranet.CommonLibrary.Resources.dll = External references\OSDevGrp.OSIntranet.CommonLibrary.Resources.dll
		External references\OSDevGrp.OSIntranet.CommonLibrary.Wcf.dll = External references\OSDevGrp.OSIntranet.CommonLibrary.Wcf.dll
		External references\OSDevGrp.OSIntranet.DataAccess.Contracts.dll = External references\OSDevGrp.OSIntranet.DataAccess.Contracts.dll
		External references\Ploeh.AutoFixture.dll = External references\Ploeh.AutoFixture.dll
		External references\Rhino.Mocks.dll = External references\Rhino.Mocks.dll
	EndProjectSection
EndProject
Project("{FAE04EC0-301F-11D3-BF4B-00C04F79EFBC}") = "OSDevGrp.OSIntranet.Infrastructure", "OSDevGrp.OSIntranet.Infrastructure\OSDevGrp.OSIntranet.Infrastructure.csproj", "{1DEE3090-20BE-4ED3-9AAB-5ACBA2B909E9}"
EndProject
Project("{2150E333-8FDC-42A3-9474-1A3956D46DE8}") = "da-DK", "da-DK", "{7CB00384-51F7-4001-A7F9-AB45F59F6412}"
	ProjectSection(SolutionItems) = preProject
		External references\da-DK\OSDevGrp.OSIntranet.CommonLibrary.Resources.resources.dll = External references\da-DK\OSDevGrp.OSIntranet.CommonLibrary.Resources.resources.dll
	EndProjectSection
EndProject
Project("{2150E333-8FDC-42A3-9474-1A3956D46DE8}") = "en-US", "en-US", "{A8CFDF7F-ADD7-4554-92D2-AFA497A7BD76}"
	ProjectSection(SolutionItems) = preProject
		External references\en-US\OSDevGrp.OSIntranet.CommonLibrary.Resources.resources.dll = External references\en-US\OSDevGrp.OSIntranet.CommonLibrary.Resources.resources.dll
	EndProjectSection
EndProject
Project("{FAE04EC0-301F-11D3-BF4B-00C04F79EFBC}") = "OSDevGrp.OSIntranet.Resources", "OSDevGrp.OSIntranet.Resources\OSDevGrp.OSIntranet.Resources.csproj", "{EC187CDE-4BB1-4B84-8AAE-1CE461296611}"
EndProject
Project("{FAE04EC0-301F-11D3-BF4B-00C04F79EFBC}") = "OSDevGrp.OSIntranet.Repositories.Interfaces", "OSDevGrp.OSIntranet.Repositories.Interfaces\OSDevGrp.OSIntranet.Repositories.Interfaces.csproj", "{4775A5D7-009A-4B8D-A9DE-0CEBDFCC1535}"
EndProject
Project("{FAE04EC0-301F-11D3-BF4B-00C04F79EFBC}") = "OSDevGrp.OSIntranet.Repositories", "OSDevGrp.OSIntranet.Repositories\OSDevGrp.OSIntranet.Repositories.csproj", "{C16F65E1-A789-4BA4-9713-CA84B34ECBD8}"
EndProject
Project("{FAE04EC0-301F-11D3-BF4B-00C04F79EFBC}") = "OSDevGrp.OSIntranet.Contracts", "OSDevGrp.OSIntranet.Contracts\OSDevGrp.OSIntranet.Contracts.csproj", "{776EB809-1060-4037-A993-2B3E74DF779D}"
EndProject
Project("{FAE04EC0-301F-11D3-BF4B-00C04F79EFBC}") = "OSDevGrp.OSIntranet.Services", "OSDevGrp.OSIntranet.Services\OSDevGrp.OSIntranet.Services.csproj", "{46A9F437-6741-4CB8-B2F5-CFF0A8272C0F}"
EndProject
Project("{FAE04EC0-301F-11D3-BF4B-00C04F79EFBC}") = "OSDevGrp.OSIntranet.QueryHandlers", "OSDevGrp.OSIntranet.QueryHandlers\OSDevGrp.OSIntranet.QueryHandlers.csproj", "{821C03BD-0315-4084-804E-C3BD4590E73F}"
EndProject
Project("{FAE04EC0-301F-11D3-BF4B-00C04F79EFBC}") = "OSDevGrp.OSIntranet.CommandHandlers", "OSDevGrp.OSIntranet.CommandHandlers\OSDevGrp.OSIntranet.CommandHandlers.csproj", "{EA39FE1B-157B-4F3F-B5BE-8FFC9E45B42A}"
EndProject
Global
	GlobalSection(SourceCodeControl) = preSolution
		SccNumberOfProjects = 11
		SccLocalPath0 = .
		SccProjectUniqueName1 = OSDevGrp.OSIntranet.Infrastructure.Interfaces\\OSDevGrp.OSIntranet.Infrastructure.Interfaces.csproj
		SccLocalPath1 = .
		SccProjectFilePathRelativizedFromConnection1 = OSDevGrp.OSIntranet.Infrastructure.Interfaces\\
		SccProjectUniqueName2 = OSDevGrp.OSIntranet.Tests\\OSDevGrp.OSIntranet.Tests.csproj
		SccLocalPath2 = .
		SccProjectFilePathRelativizedFromConnection2 = OSDevGrp.OSIntranet.Tests\\
		SccProjectUniqueName3 = OSDevGrp.OSIntranet.Infrastructure\\OSDevGrp.OSIntranet.Infrastructure.csproj
		SccLocalPath3 = .
		SccProjectFilePathRelativizedFromConnection3 = OSDevGrp.OSIntranet.Infrastructure\\
		SccProjectUniqueName4 = OSDevGrp.OSIntranet.Resources\\OSDevGrp.OSIntranet.Resources.csproj
		SccLocalPath4 = .
		SccProjectFilePathRelativizedFromConnection4 = OSDevGrp.OSIntranet.Resources\\
		SccProjectUniqueName5 = OSDevGrp.OSIntranet.Repositories.Interfaces\\OSDevGrp.OSIntranet.Repositories.Interfaces.csproj
		SccLocalPath5 = .
		SccProjectFilePathRelativizedFromConnection5 = OSDevGrp.OSIntranet.Repositories.Interfaces\\
		SccProjectUniqueName6 = OSDevGrp.OSIntranet.Repositories\\OSDevGrp.OSIntranet.Repositories.csproj
		SccLocalPath6 = .
		SccProjectFilePathRelativizedFromConnection6 = OSDevGrp.OSIntranet.Repositories\\
		SccProjectUniqueName7 = OSDevGrp.OSIntranet.Contracts\\OSDevGrp.OSIntranet.Contracts.csproj
		SccLocalPath7 = .
		SccProjectFilePathRelativizedFromConnection7 = OSDevGrp.OSIntranet.Contracts\\
		SccProjectUniqueName8 = OSDevGrp.OSIntranet.Services\\OSDevGrp.OSIntranet.Services.csproj
		SccLocalPath8 = .
		SccProjectFilePathRelativizedFromConnection8 = OSDevGrp.OSIntranet.Services\\
		SccProjectUniqueName9 = OSDevGrp.OSIntranet.QueryHandlers\\OSDevGrp.OSIntranet.QueryHandlers.csproj
		SccLocalPath9 = .
		SccProjectFilePathRelativizedFromConnection9 = OSDevGrp.OSIntranet.QueryHandlers\\
		SccProjectUniqueName10 = OSDevGrp.OSIntranet.CommandHandlers\\OSDevGrp.OSIntranet.CommandHandlers.csproj
		SccLocalPath10 = .
		SccProjectFilePathRelativizedFromConnection10 = OSDevGrp.OSIntranet.CommandHandlers\\
	EndGlobalSection
	GlobalSection(SolutionConfigurationPlatforms) = preSolution
		Debug|Any CPU = Debug|Any CPU
		Release|Any CPU = Release|Any CPU
	EndGlobalSection
	GlobalSection(ProjectConfigurationPlatforms) = postSolution
		{E510F652-6E85-402E-9EFF-474841121181}.Debug|Any CPU.ActiveCfg = Debug|Any CPU
		{E510F652-6E85-402E-9EFF-474841121181}.Debug|Any CPU.Build.0 = Debug|Any CPU
		{E510F652-6E85-402E-9EFF-474841121181}.Release|Any CPU.ActiveCfg = Release|Any CPU
		{E510F652-6E85-402E-9EFF-474841121181}.Release|Any CPU.Build.0 = Release|Any CPU
		{A1EBFC92-C81D-4A5C-959E-F2FDC48E6B02}.Debug|Any CPU.ActiveCfg = Debug|Any CPU
		{A1EBFC92-C81D-4A5C-959E-F2FDC48E6B02}.Debug|Any CPU.Build.0 = Debug|Any CPU
		{A1EBFC92-C81D-4A5C-959E-F2FDC48E6B02}.Release|Any CPU.ActiveCfg = Release|Any CPU
		{A1EBFC92-C81D-4A5C-959E-F2FDC48E6B02}.Release|Any CPU.Build.0 = Release|Any CPU
		{1DEE3090-20BE-4ED3-9AAB-5ACBA2B909E9}.Debug|Any CPU.ActiveCfg = Debug|Any CPU
		{1DEE3090-20BE-4ED3-9AAB-5ACBA2B909E9}.Debug|Any CPU.Build.0 = Debug|Any CPU
		{1DEE3090-20BE-4ED3-9AAB-5ACBA2B909E9}.Release|Any CPU.ActiveCfg = Release|Any CPU
		{1DEE3090-20BE-4ED3-9AAB-5ACBA2B909E9}.Release|Any CPU.Build.0 = Release|Any CPU
		{EC187CDE-4BB1-4B84-8AAE-1CE461296611}.Debug|Any CPU.ActiveCfg = Debug|Any CPU
		{EC187CDE-4BB1-4B84-8AAE-1CE461296611}.Debug|Any CPU.Build.0 = Debug|Any CPU
		{EC187CDE-4BB1-4B84-8AAE-1CE461296611}.Release|Any CPU.ActiveCfg = Release|Any CPU
		{EC187CDE-4BB1-4B84-8AAE-1CE461296611}.Release|Any CPU.Build.0 = Release|Any CPU
		{4775A5D7-009A-4B8D-A9DE-0CEBDFCC1535}.Debug|Any CPU.ActiveCfg = Debug|Any CPU
		{4775A5D7-009A-4B8D-A9DE-0CEBDFCC1535}.Debug|Any CPU.Build.0 = Debug|Any CPU
		{4775A5D7-009A-4B8D-A9DE-0CEBDFCC1535}.Release|Any CPU.ActiveCfg = Release|Any CPU
		{4775A5D7-009A-4B8D-A9DE-0CEBDFCC1535}.Release|Any CPU.Build.0 = Release|Any CPU
		{C16F65E1-A789-4BA4-9713-CA84B34ECBD8}.Debug|Any CPU.ActiveCfg = Debug|Any CPU
		{C16F65E1-A789-4BA4-9713-CA84B34ECBD8}.Debug|Any CPU.Build.0 = Debug|Any CPU
		{C16F65E1-A789-4BA4-9713-CA84B34ECBD8}.Release|Any CPU.ActiveCfg = Release|Any CPU
		{C16F65E1-A789-4BA4-9713-CA84B34ECBD8}.Release|Any CPU.Build.0 = Release|Any CPU
		{776EB809-1060-4037-A993-2B3E74DF779D}.Debug|Any CPU.ActiveCfg = Debug|Any CPU
		{776EB809-1060-4037-A993-2B3E74DF779D}.Debug|Any CPU.Build.0 = Debug|Any CPU
		{776EB809-1060-4037-A993-2B3E74DF779D}.Release|Any CPU.ActiveCfg = Release|Any CPU
		{776EB809-1060-4037-A993-2B3E74DF779D}.Release|Any CPU.Build.0 = Release|Any CPU
		{46A9F437-6741-4CB8-B2F5-CFF0A8272C0F}.Debug|Any CPU.ActiveCfg = Debug|Any CPU
		{46A9F437-6741-4CB8-B2F5-CFF0A8272C0F}.Debug|Any CPU.Build.0 = Debug|Any CPU
		{46A9F437-6741-4CB8-B2F5-CFF0A8272C0F}.Release|Any CPU.ActiveCfg = Release|Any CPU
		{46A9F437-6741-4CB8-B2F5-CFF0A8272C0F}.Release|Any CPU.Build.0 = Release|Any CPU
		{821C03BD-0315-4084-804E-C3BD4590E73F}.Debug|Any CPU.ActiveCfg = Debug|Any CPU
		{821C03BD-0315-4084-804E-C3BD4590E73F}.Debug|Any CPU.Build.0 = Debug|Any CPU
		{821C03BD-0315-4084-804E-C3BD4590E73F}.Release|Any CPU.ActiveCfg = Release|Any CPU
		{821C03BD-0315-4084-804E-C3BD4590E73F}.Release|Any CPU.Build.0 = Release|Any CPU
		{EA39FE1B-157B-4F3F-B5BE-8FFC9E45B42A}.Debug|Any CPU.ActiveCfg = Debug|Any CPU
		{EA39FE1B-157B-4F3F-B5BE-8FFC9E45B42A}.Debug|Any CPU.Build.0 = Debug|Any CPU
		{EA39FE1B-157B-4F3F-B5BE-8FFC9E45B42A}.Release|Any CPU.ActiveCfg = Release|Any CPU
		{EA39FE1B-157B-4F3F-B5BE-8FFC9E45B42A}.Release|Any CPU.Build.0 = Release|Any CPU
	EndGlobalSection
	GlobalSection(SolutionProperties) = preSolution
		HideSolutionNode = FALSE
	EndGlobalSection
	GlobalSection(NestedProjects) = preSolution
		{7CB00384-51F7-4001-A7F9-AB45F59F6412} = {8CC59821-8B5B-420E-81DA-01CB7CABB700}
		{A8CFDF7F-ADD7-4554-92D2-AFA497A7BD76} = {8CC59821-8B5B-420E-81DA-01CB7CABB700}
	EndGlobalSection
EndGlobal
