
Microsoft Visual Studio Solution File, Format Version 11.00
# Visual Studio 2010
Project("{2150E333-8FDC-42A3-9474-1A3956D46DE8}") = "Solution Items", "Solution Items", "{C6CB6413-2FAB-4E83-8446-B751E4B1B7B2}"
	ProjectSection(SolutionItems) = preProject
		OSDevGrp.OSIntranet.DataAccess.snk = OSDevGrp.OSIntranet.DataAccess.snk
	EndProjectSection
EndProject
Project("{FAE04EC0-301F-11D3-BF4B-00C04F79EFBC}") = "OSDevGrp.OSIntranet.DataAccess.Contracts", "OSDevGrp.OSIntranet.DataAccess.Contracts\OSDevGrp.OSIntranet.DataAccess.Contracts.csproj", "{C4B236AB-F621-4747-84B8-E559790AD0D4}"
EndProject
Project("{FAE04EC0-301F-11D3-BF4B-00C04F79EFBC}") = "OSDevGrp.OSIntranet.DataAccess.Services", "OSDevGrp.OSIntranet.DataAccess.Services\OSDevGrp.OSIntranet.DataAccess.Services.csproj", "{BE463C95-1687-4DD5-94D1-BFD6EB3C20B6}"
EndProject
Project("{54435603-DBB4-11D2-8724-00A0C9A8B90C}") = "OSDevGrp.OSIntranet.DataAccess.Setup", "OSDevGrp.OSIntranet.DataAccess.Setup\OSDevGrp.OSIntranet.DataAccess.Setup.vdproj", "{F96048AB-79E3-4211-AA7A-122FDF1D3420}"
EndProject
Project("{2150E333-8FDC-42A3-9474-1A3956D46DE8}") = "External references", "External references", "{EF9F5033-CE24-4A5F-864E-F7BDCAC510DE}"
	ProjectSection(SolutionItems) = preProject
		External references\Castle.Core.dll = External references\Castle.Core.dll
		External references\Castle.Windsor.dll = External references\Castle.Windsor.dll
		External references\OSDevGrp.OSIntranet.CommonLibrary.IoC.dll = External references\OSDevGrp.OSIntranet.CommonLibrary.IoC.dll
		External references\OSDevGrp.OSIntranet.CommonLibrary.IoC.Interfaces.dll = External references\OSDevGrp.OSIntranet.CommonLibrary.IoC.Interfaces.dll
		External references\OSDevGrp.OSIntranet.CommonLibrary.Resources.dll = External references\OSDevGrp.OSIntranet.CommonLibrary.Resources.dll
	EndProjectSection
EndProject
Project("{2150E333-8FDC-42A3-9474-1A3956D46DE8}") = "da-DK", "da-DK", "{37DD8544-3CB8-477B-B13F-A8D79194F48F}"
	ProjectSection(SolutionItems) = preProject
		External references\da-DK\OSDevGrp.OSIntranet.CommonLibrary.Resources.resources.dll = External references\da-DK\OSDevGrp.OSIntranet.CommonLibrary.Resources.resources.dll
	EndProjectSection
EndProject
Project("{2150E333-8FDC-42A3-9474-1A3956D46DE8}") = "en-US", "en-US", "{DB2B825F-433D-4E07-B60C-8B1B40A21140}"
	ProjectSection(SolutionItems) = preProject
		External references\en-US\OSDevGrp.OSIntranet.CommonLibrary.Resources.resources.dll = External references\en-US\OSDevGrp.OSIntranet.CommonLibrary.Resources.resources.dll
	EndProjectSection
EndProject
Project("{FAE04EC0-301F-11D3-BF4B-00C04F79EFBC}") = "OSDevGrp.OSIntranet.DataAccess.Infrastructure.Interfaces", "OSDevGrp.OSIntranet.DataAccess.Infrastructure.Interfaces\OSDevGrp.OSIntranet.DataAccess.Infrastructure.Interfaces.csproj", "{F27A4BF2-8218-472E-A41C-4FE23ACB0EDF}"
EndProject
Global
	GlobalSection(SourceCodeControl) = preSolution
		SccNumberOfProjects = 5
		SccLocalPath0 = .
		SccProjectUniqueName1 = OSDevGrp.OSIntranet.DataAccess.Contracts\\OSDevGrp.OSIntranet.DataAccess.Contracts.csproj
		SccLocalPath1 = .
		SccProjectFilePathRelativizedFromConnection1 = OSDevGrp.OSIntranet.DataAccess.Contracts\\
		SccProjectUniqueName2 = OSDevGrp.OSIntranet.DataAccess.Services\\OSDevGrp.OSIntranet.DataAccess.Services.csproj
		SccLocalPath2 = .
		SccProjectFilePathRelativizedFromConnection2 = OSDevGrp.OSIntranet.DataAccess.Services\\
		SccProjectUniqueName3 = OSDevGrp.OSIntranet.DataAccess.Setup\\OSDevGrp.OSIntranet.DataAccess.Setup.vdproj
		SccLocalPath3 = .
		SccProjectFilePathRelativizedFromConnection3 = OSDevGrp.OSIntranet.DataAccess.Setup\\
		SccProjectUniqueName4 = OSDevGrp.OSIntranet.DataAccess.Infrastructure.Interfaces\\OSDevGrp.OSIntranet.DataAccess.Infrastructure.Interfaces.csproj
		SccLocalPath4 = .
		SccProjectFilePathRelativizedFromConnection4 = OSDevGrp.OSIntranet.DataAccess.Infrastructure.Interfaces\\
	EndGlobalSection
	GlobalSection(SolutionConfigurationPlatforms) = preSolution
		Debug|Any CPU = Debug|Any CPU
		Debug|Mixed Platforms = Debug|Mixed Platforms
		Debug|x86 = Debug|x86
		Release|Any CPU = Release|Any CPU
		Release|Mixed Platforms = Release|Mixed Platforms
		Release|x86 = Release|x86
	EndGlobalSection
	GlobalSection(ProjectConfigurationPlatforms) = postSolution
		{C4B236AB-F621-4747-84B8-E559790AD0D4}.Debug|Any CPU.ActiveCfg = Debug|Any CPU
		{C4B236AB-F621-4747-84B8-E559790AD0D4}.Debug|Any CPU.Build.0 = Debug|Any CPU
		{C4B236AB-F621-4747-84B8-E559790AD0D4}.Debug|Mixed Platforms.ActiveCfg = Debug|Any CPU
		{C4B236AB-F621-4747-84B8-E559790AD0D4}.Debug|Mixed Platforms.Build.0 = Debug|Any CPU
		{C4B236AB-F621-4747-84B8-E559790AD0D4}.Debug|x86.ActiveCfg = Debug|Any CPU
		{C4B236AB-F621-4747-84B8-E559790AD0D4}.Release|Any CPU.ActiveCfg = Release|Any CPU
		{C4B236AB-F621-4747-84B8-E559790AD0D4}.Release|Any CPU.Build.0 = Release|Any CPU
		{C4B236AB-F621-4747-84B8-E559790AD0D4}.Release|Mixed Platforms.ActiveCfg = Release|Any CPU
		{C4B236AB-F621-4747-84B8-E559790AD0D4}.Release|Mixed Platforms.Build.0 = Release|Any CPU
		{C4B236AB-F621-4747-84B8-E559790AD0D4}.Release|x86.ActiveCfg = Release|Any CPU
		{BE463C95-1687-4DD5-94D1-BFD6EB3C20B6}.Debug|Any CPU.ActiveCfg = Debug|x86
		{BE463C95-1687-4DD5-94D1-BFD6EB3C20B6}.Debug|Mixed Platforms.ActiveCfg = Debug|x86
		{BE463C95-1687-4DD5-94D1-BFD6EB3C20B6}.Debug|Mixed Platforms.Build.0 = Debug|x86
		{BE463C95-1687-4DD5-94D1-BFD6EB3C20B6}.Debug|x86.ActiveCfg = Debug|x86
		{BE463C95-1687-4DD5-94D1-BFD6EB3C20B6}.Debug|x86.Build.0 = Debug|x86
		{BE463C95-1687-4DD5-94D1-BFD6EB3C20B6}.Release|Any CPU.ActiveCfg = Release|x86
		{BE463C95-1687-4DD5-94D1-BFD6EB3C20B6}.Release|Mixed Platforms.ActiveCfg = Release|x86
		{BE463C95-1687-4DD5-94D1-BFD6EB3C20B6}.Release|Mixed Platforms.Build.0 = Release|x86
		{BE463C95-1687-4DD5-94D1-BFD6EB3C20B6}.Release|x86.ActiveCfg = Release|x86
		{BE463C95-1687-4DD5-94D1-BFD6EB3C20B6}.Release|x86.Build.0 = Release|x86
		{F96048AB-79E3-4211-AA7A-122FDF1D3420}.Debug|Any CPU.ActiveCfg = Debug
		{F96048AB-79E3-4211-AA7A-122FDF1D3420}.Debug|Mixed Platforms.ActiveCfg = Debug
		{F96048AB-79E3-4211-AA7A-122FDF1D3420}.Debug|x86.ActiveCfg = Debug
		{F96048AB-79E3-4211-AA7A-122FDF1D3420}.Release|Any CPU.ActiveCfg = Release
		{F96048AB-79E3-4211-AA7A-122FDF1D3420}.Release|Mixed Platforms.ActiveCfg = Release
		{F96048AB-79E3-4211-AA7A-122FDF1D3420}.Release|x86.ActiveCfg = Release
		{F27A4BF2-8218-472E-A41C-4FE23ACB0EDF}.Debug|Any CPU.ActiveCfg = Debug|Any CPU
		{F27A4BF2-8218-472E-A41C-4FE23ACB0EDF}.Debug|Any CPU.Build.0 = Debug|Any CPU
		{F27A4BF2-8218-472E-A41C-4FE23ACB0EDF}.Debug|Mixed Platforms.ActiveCfg = Debug|Any CPU
		{F27A4BF2-8218-472E-A41C-4FE23ACB0EDF}.Debug|Mixed Platforms.Build.0 = Debug|Any CPU
		{F27A4BF2-8218-472E-A41C-4FE23ACB0EDF}.Debug|x86.ActiveCfg = Debug|Any CPU
		{F27A4BF2-8218-472E-A41C-4FE23ACB0EDF}.Release|Any CPU.ActiveCfg = Release|Any CPU
		{F27A4BF2-8218-472E-A41C-4FE23ACB0EDF}.Release|Any CPU.Build.0 = Release|Any CPU
		{F27A4BF2-8218-472E-A41C-4FE23ACB0EDF}.Release|Mixed Platforms.ActiveCfg = Release|Any CPU
		{F27A4BF2-8218-472E-A41C-4FE23ACB0EDF}.Release|Mixed Platforms.Build.0 = Release|Any CPU
		{F27A4BF2-8218-472E-A41C-4FE23ACB0EDF}.Release|x86.ActiveCfg = Release|Any CPU
	EndGlobalSection
	GlobalSection(SolutionProperties) = preSolution
		HideSolutionNode = FALSE
	EndGlobalSection
	GlobalSection(NestedProjects) = preSolution
		{37DD8544-3CB8-477B-B13F-A8D79194F48F} = {EF9F5033-CE24-4A5F-864E-F7BDCAC510DE}
		{DB2B825F-433D-4E07-B60C-8B1B40A21140} = {EF9F5033-CE24-4A5F-864E-F7BDCAC510DE}
	EndGlobalSection
EndGlobal
